{
  "object": {
    "pins": [
      {
        "package": "Networker",
        "repositoryURL": "https://github.com/SwiftExtensions/HTTPURLRequest.git",
        "state": {
          "branch": null,
          "revision": "be7e31861ac63db7c28efa77c8685bcecd2db8fe",
          "version": "0.0.1"
        }
      }
    ]
  },
  "version": 1
}
