{
  "object": {
    "pins": [
      {
        "package": "Networker",
        "repositoryURL": "https://github.com/SwiftExtensions/HTTPURLRequest.git",
        "state": {
          "branch": null,
          "revision": "17a74a05a1f27237cdc40d1179d546cf6e1fbd6b",
          "version": "0.0.1"
        }
      }
    ]
  },
  "version": 1
}
